// !$*UTF8*$!
{
	archiveVersion = 1;
	classes = {
	};
	objectVersion = 46;
	objects = {

/* Begin PBXBuildFile section */
		38B82DE71277BBC01CF2C229 /* Pods_iMovie.framework in Frameworks */ = {isa = PBXBuildFile; fileRef = ADCE2CC35F35FE9B74E0F4FE /* Pods_iMovie.framework */; };
		431E0CD71E0397F800D0332D /* CincismHeaderView.swift in Sources */ = {isa = PBXBuildFile; fileRef = 431E0CD61E0397F800D0332D /* CincismHeaderView.swift */; };
		431E0CD91E03EA0E00D0332D /* CommentTableViewCell.swift in Sources */ = {isa = PBXBuildFile; fileRef = 431E0CD81E03EA0E00D0332D /* CommentTableViewCell.swift */; };
		431E0CDB1E03EA5600D0332D /* CommentModel.swift in Sources */ = {isa = PBXBuildFile; fileRef = 431E0CDA1E03EA5600D0332D /* CommentModel.swift */; };
		431E0CDD1E041BE300D0332D /* UILabel+iMovie.swift in Sources */ = {isa = PBXBuildFile; fileRef = 431E0CDC1E041BE300D0332D /* UILabel+iMovie.swift */; };
		4338649B1DF3F8D7000F58E3 /* AppDelegate.swift in Sources */ = {isa = PBXBuildFile; fileRef = 4338649A1DF3F8D7000F58E3 /* AppDelegate.swift */; };
		433864A21DF3F8D7000F58E3 /* Assets.xcassets in Resources */ = {isa = PBXBuildFile; fileRef = 433864A11DF3F8D7000F58E3 /* Assets.xcassets */; };
		433864A51DF3F8D7000F58E3 /* LaunchScreen.storyboard in Resources */ = {isa = PBXBuildFile; fileRef = 433864A31DF3F8D7000F58E3 /* LaunchScreen.storyboard */; };
		433864B01DF3F8D7000F58E3 /* iMovieTests.swift in Sources */ = {isa = PBXBuildFile; fileRef = 433864AF1DF3F8D7000F58E3 /* iMovieTests.swift */; };
		433864BB1DF3F8D7000F58E3 /* iMovieUITests.swift in Sources */ = {isa = PBXBuildFile; fileRef = 433864BA1DF3F8D7000F58E3 /* iMovieUITests.swift */; };
		433A854D1DFC345100B33AFC /* CinecismTableViewCell.swift in Sources */ = {isa = PBXBuildFile; fileRef = 433A854C1DFC345100B33AFC /* CinecismTableViewCell.swift */; };
		433A854F1DFC3CDC00B33AFC /* CincismModel.swift in Sources */ = {isa = PBXBuildFile; fileRef = 433A854E1DFC3CDC00B33AFC /* CincismModel.swift */; };
		433E1E361DFA505000D8E190 /* ImageCollectionCell.swift in Sources */ = {isa = PBXBuildFile; fileRef = 433E1E351DFA505000D8E190 /* ImageCollectionCell.swift */; };
		433F06E11DFE856C0055EF02 /* iMovieAPI.txt in Resources */ = {isa = PBXBuildFile; fileRef = 433F06E01DFE856C0055EF02 /* iMovieAPI.txt */; };
		433F06E31DFE96AE0055EF02 /* DetailCincismController.swift in Sources */ = {isa = PBXBuildFile; fileRef = 433F06E21DFE96AE0055EF02 /* DetailCincismController.swift */; };
		433F06E51DFED9890055EF02 /* HeaderBackView.swift in Sources */ = {isa = PBXBuildFile; fileRef = 433F06E41DFED9890055EF02 /* HeaderBackView.swift */; };
		433F06E71DFEDCA40055EF02 /* BottomToolsBar.swift in Sources */ = {isa = PBXBuildFile; fileRef = 433F06E61DFEDCA40055EF02 /* BottomToolsBar.swift */; };
		433F06E91DFEDDD80055EF02 /* ShareResuable.swift in Sources */ = {isa = PBXBuildFile; fileRef = 433F06E81DFEDDD80055EF02 /* ShareResuable.swift */; };
		433F06EB1DFEDEDD0055EF02 /* ShareView.swift in Sources */ = {isa = PBXBuildFile; fileRef = 433F06EA1DFEDEDD0055EF02 /* ShareView.swift */; };
		433F06ED1DFEE0460055EF02 /* UIViewController+iM.swift in Sources */ = {isa = PBXBuildFile; fileRef = 433F06EC1DFEE0460055EF02 /* UIViewController+iM.swift */; };
		434027DA1DF8FB0C00C2D733 /* MovieInfoTableViewCell.swift in Sources */ = {isa = PBXBuildFile; fileRef = 434027D91DF8FB0C00C2D733 /* MovieInfoTableViewCell.swift */; };
		434027DC1DF9327000C2D733 /* ControllerResuable.swift in Sources */ = {isa = PBXBuildFile; fileRef = 434027DB1DF9327000C2D733 /* ControllerResuable.swift */; };
		434027DF1DF932EB00C2D733 /* MainHeaderView.swift in Sources */ = {isa = PBXBuildFile; fileRef = 434027DE1DF932EB00C2D733 /* MainHeaderView.swift */; };
		434027E11DF9334200C2D733 /* UIFont+iMovie.swift in Sources */ = {isa = PBXBuildFile; fileRef = 434027E01DF9334200C2D733 /* UIFont+iMovie.swift */; };
		434027E31DF9338900C2D733 /* UIView+Frame.swift in Sources */ = {isa = PBXBuildFile; fileRef = 434027E21DF9338900C2D733 /* UIView+Frame.swift */; };
		434027E51DF9343D00C2D733 /* PullToRefreshView.swift in Sources */ = {isa = PBXBuildFile; fileRef = 434027E41DF9343D00C2D733 /* PullToRefreshView.swift */; };
		434027E81DF934A300C2D733 /* LoadMoreView.swift in Sources */ = {isa = PBXBuildFile; fileRef = 434027E71DF934A300C2D733 /* LoadMoreView.swift */; };
		434027EA1DF934D900C2D733 /* ActivityIndicatorView.swift in Sources */ = {isa = PBXBuildFile; fileRef = 434027E91DF934D900C2D733 /* ActivityIndicatorView.swift */; };
		434027ED1DF9362F00C2D733 /* MenuViewController.swift in Sources */ = {isa = PBXBuildFile; fileRef = 434027EC1DF9362F00C2D733 /* MenuViewController.swift */; };
		434027F01DF936C300C2D733 /* MenuHeaaderView.swift in Sources */ = {isa = PBXBuildFile; fileRef = 434027EF1DF936C300C2D733 /* MenuHeaaderView.swift */; };
		434027F21DF9371400C2D733 /* MenuTableViewCell.swift in Sources */ = {isa = PBXBuildFile; fileRef = 434027F11DF9371400C2D733 /* MenuTableViewCell.swift */; };
		434027F41DF9379800C2D733 /* MenuTabModel.swift in Sources */ = {isa = PBXBuildFile; fileRef = 434027F31DF9379800C2D733 /* MenuTabModel.swift */; };
		434027F71DF93AB800C2D733 /* BasePageController.swift in Sources */ = {isa = PBXBuildFile; fileRef = 434027F61DF93AB800C2D733 /* BasePageController.swift */; };
		434027F91DF93AF500C2D733 /* BaseNavController.swift in Sources */ = {isa = PBXBuildFile; fileRef = 434027F81DF93AF500C2D733 /* BaseNavController.swift */; };
		434028001DF93DA700C2D733 /* DINPro-Medium.TTF in Resources */ = {isa = PBXBuildFile; fileRef = 434027FD1DF93DA700C2D733 /* DINPro-Medium.TTF */; };
		434028011DF93DA700C2D733 /* FZLTXIHJW--GB1-0.TTF in Resources */ = {isa = PBXBuildFile; fileRef = 434027FE1DF93DA700C2D733 /* FZLTXIHJW--GB1-0.TTF */; };
		434028021DF93DA700C2D733 /* FZLTZCHJW--GB1-0.TTF in Resources */ = {isa = PBXBuildFile; fileRef = 434027FF1DF93DA700C2D733 /* FZLTZCHJW--GB1-0.TTF */; };
		434028061DF93DD000C2D733 /* YYFPSLabel.m in Sources */ = {isa = PBXBuildFile; fileRef = 434028051DF93DD000C2D733 /* YYFPSLabel.m */; };
		43480B6A1DF4101A00169DD7 /* MainViewController.swift in Sources */ = {isa = PBXBuildFile; fileRef = 43480B691DF4101A00169DD7 /* MainViewController.swift */; };
		436D54631E062A3300EFBB40 /* ModulesModel.swift in Sources */ = {isa = PBXBuildFile; fileRef = 436D54621E062A3300EFBB40 /* ModulesModel.swift */; };
		436D54651E0693FF00EFBB40 /* RatingBar.swift in Sources */ = {isa = PBXBuildFile; fileRef = 436D54641E0693FF00EFBB40 /* RatingBar.swift */; };
		436D54671E06D90000EFBB40 /* RankListViewCell.swift in Sources */ = {isa = PBXBuildFile; fileRef = 436D54661E06D90000EFBB40 /* RankListViewCell.swift */; };
		4392AF711E0248CF007A9177 /* base.html in Resources */ = {isa = PBXBuildFile; fileRef = 4392AF6D1E0248CF007A9177 /* base.html */; };
		4392AFEB1E02DFD9007A9177 /* html in Resources */ = {isa = PBXBuildFile; fileRef = 4392AFEA1E02DFD9007A9177 /* html */; };
		4392B0081E02E018007A9177 /* shAutoloader.js in Resources */ = {isa = PBXBuildFile; fileRef = 4392AFEC1E02E018007A9177 /* shAutoloader.js */; };
		4392B0091E02E018007A9177 /* shBrushAppleScript.js in Resources */ = {isa = PBXBuildFile; fileRef = 4392AFED1E02E018007A9177 /* shBrushAppleScript.js */; };
		4392B00A1E02E018007A9177 /* shBrushAS3.js in Resources */ = {isa = PBXBuildFile; fileRef = 4392AFEE1E02E018007A9177 /* shBrushAS3.js */; };
		4392B00B1E02E018007A9177 /* shBrushBash.js in Resources */ = {isa = PBXBuildFile; fileRef = 4392AFEF1E02E018007A9177 /* shBrushBash.js */; };
		4392B00C1E02E018007A9177 /* shBrushColdFusion.js in Resources */ = {isa = PBXBuildFile; fileRef = 4392AFF01E02E018007A9177 /* shBrushColdFusion.js */; };
		4392B00D1E02E018007A9177 /* shBrushCpp.js in Resources */ = {isa = PBXBuildFile; fileRef = 4392AFF11E02E018007A9177 /* shBrushCpp.js */; };
		4392B00E1E02E018007A9177 /* shBrushCSharp.js in Resources */ = {isa = PBXBuildFile; fileRef = 4392AFF21E02E018007A9177 /* shBrushCSharp.js */; };
		4392B00F1E02E018007A9177 /* shBrushCss.js in Resources */ = {isa = PBXBuildFile; fileRef = 4392AFF31E02E018007A9177 /* shBrushCss.js */; };
		4392B0101E02E018007A9177 /* shBrushDelphi.js in Resources */ = {isa = PBXBuildFile; fileRef = 4392AFF41E02E018007A9177 /* shBrushDelphi.js */; };
		4392B0111E02E018007A9177 /* shBrushDiff.js in Resources */ = {isa = PBXBuildFile; fileRef = 4392AFF51E02E018007A9177 /* shBrushDiff.js */; };
		4392B0121E02E018007A9177 /* shBrushErlang.js in Resources */ = {isa = PBXBuildFile; fileRef = 4392AFF61E02E018007A9177 /* shBrushErlang.js */; };
		4392B0131E02E018007A9177 /* shBrushGroovy.js in Resources */ = {isa = PBXBuildFile; fileRef = 4392AFF71E02E018007A9177 /* shBrushGroovy.js */; };
		4392B0141E02E018007A9177 /* shBrushJava.js in Resources */ = {isa = PBXBuildFile; fileRef = 4392AFF81E02E018007A9177 /* shBrushJava.js */; };
		4392B0151E02E018007A9177 /* shBrushJavaFX.js in Resources */ = {isa = PBXBuildFile; fileRef = 4392AFF91E02E018007A9177 /* shBrushJavaFX.js */; };
		4392B0161E02E018007A9177 /* shBrushJScript.js in Resources */ = {isa = PBXBuildFile; fileRef = 4392AFFA1E02E018007A9177 /* shBrushJScript.js */; };
		4392B0171E02E018007A9177 /* shBrushPerl.js in Resources */ = {isa = PBXBuildFile; fileRef = 4392AFFB1E02E018007A9177 /* shBrushPerl.js */; };
		4392B0181E02E018007A9177 /* shBrushPhp.js in Resources */ = {isa = PBXBuildFile; fileRef = 4392AFFC1E02E018007A9177 /* shBrushPhp.js */; };
		4392B0191E02E018007A9177 /* shBrushPlain.js in Resources */ = {isa = PBXBuildFile; fileRef = 4392AFFD1E02E018007A9177 /* shBrushPlain.js */; };
		4392B01A1E02E018007A9177 /* shBrushPowerShell.js in Resources */ = {isa = PBXBuildFile; fileRef = 4392AFFE1E02E018007A9177 /* shBrushPowerShell.js */; };
		4392B01B1E02E018007A9177 /* shBrushPython.js in Resources */ = {isa = PBXBuildFile; fileRef = 4392AFFF1E02E018007A9177 /* shBrushPython.js */; };
		4392B01C1E02E018007A9177 /* shBrushRuby.js in Resources */ = {isa = PBXBuildFile; fileRef = 4392B0001E02E018007A9177 /* shBrushRuby.js */; };
		4392B01D1E02E018007A9177 /* shBrushSass.js in Resources */ = {isa = PBXBuildFile; fileRef = 4392B0011E02E018007A9177 /* shBrushSass.js */; };
		4392B01E1E02E018007A9177 /* shBrushScala.js in Resources */ = {isa = PBXBuildFile; fileRef = 4392B0021E02E018007A9177 /* shBrushScala.js */; };
		4392B01F1E02E018007A9177 /* shBrushSql.js in Resources */ = {isa = PBXBuildFile; fileRef = 4392B0031E02E018007A9177 /* shBrushSql.js */; };
		4392B0201E02E018007A9177 /* shBrushVb.js in Resources */ = {isa = PBXBuildFile; fileRef = 4392B0041E02E018007A9177 /* shBrushVb.js */; };
		4392B0211E02E018007A9177 /* shBrushXml.js in Resources */ = {isa = PBXBuildFile; fileRef = 4392B0051E02E018007A9177 /* shBrushXml.js */; };
		4392B0221E02E018007A9177 /* shCore.js in Resources */ = {isa = PBXBuildFile; fileRef = 4392B0061E02E018007A9177 /* shCore.js */; };
		4392B0231E02E018007A9177 /* shLegacy.js in Resources */ = {isa = PBXBuildFile; fileRef = 4392B0071E02E018007A9177 /* shLegacy.js */; };
		4392B0251E02E047007A9177 /* detail.css in Resources */ = {isa = PBXBuildFile; fileRef = 4392B0241E02E047007A9177 /* detail.css */; };
		4392B0381E02E090007A9177 /* shCore.css in Resources */ = {isa = PBXBuildFile; fileRef = 4392B0271E02E090007A9177 /* shCore.css */; };
		4392B0391E02E090007A9177 /* shCoreDefault.css in Resources */ = {isa = PBXBuildFile; fileRef = 4392B0281E02E090007A9177 /* shCoreDefault.css */; };
		4392B03A1E02E090007A9177 /* shCoreDjango.css in Resources */ = {isa = PBXBuildFile; fileRef = 4392B0291E02E090007A9177 /* shCoreDjango.css */; };
		4392B03B1E02E090007A9177 /* shCoreEclipse.css in Resources */ = {isa = PBXBuildFile; fileRef = 4392B02A1E02E090007A9177 /* shCoreEclipse.css */; };
		4392B03C1E02E090007A9177 /* shCoreEmacs.css in Resources */ = {isa = PBXBuildFile; fileRef = 4392B02B1E02E090007A9177 /* shCoreEmacs.css */; };
		4392B03D1E02E090007A9177 /* shCoreFadeToGrey.css in Resources */ = {isa = PBXBuildFile; fileRef = 4392B02C1E02E090007A9177 /* shCoreFadeToGrey.css */; };
		4392B03E1E02E090007A9177 /* shCoreMDUltra.css in Resources */ = {isa = PBXBuildFile; fileRef = 4392B02D1E02E090007A9177 /* shCoreMDUltra.css */; };
		4392B03F1E02E090007A9177 /* shCoreMidnight.css in Resources */ = {isa = PBXBuildFile; fileRef = 4392B02E1E02E090007A9177 /* shCoreMidnight.css */; };
		4392B0401E02E090007A9177 /* shCoreRDark.css in Resources */ = {isa = PBXBuildFile; fileRef = 4392B02F1E02E090007A9177 /* shCoreRDark.css */; };
		4392B0411E02E090007A9177 /* shThemeDefault.css in Resources */ = {isa = PBXBuildFile; fileRef = 4392B0301E02E090007A9177 /* shThemeDefault.css */; };
		4392B0421E02E090007A9177 /* shThemeDjango.css in Resources */ = {isa = PBXBuildFile; fileRef = 4392B0311E02E090007A9177 /* shThemeDjango.css */; };
		4392B0431E02E090007A9177 /* shThemeEclipse.css in Resources */ = {isa = PBXBuildFile; fileRef = 4392B0321E02E090007A9177 /* shThemeEclipse.css */; };
		4392B0441E02E090007A9177 /* shThemeEmacs.css in Resources */ = {isa = PBXBuildFile; fileRef = 4392B0331E02E090007A9177 /* shThemeEmacs.css */; };
		4392B0451E02E090007A9177 /* shThemeFadeToGrey.css in Resources */ = {isa = PBXBuildFile; fileRef = 4392B0341E02E090007A9177 /* shThemeFadeToGrey.css */; };
		4392B0461E02E090007A9177 /* shThemeMDUltra.css in Resources */ = {isa = PBXBuildFile; fileRef = 4392B0351E02E090007A9177 /* shThemeMDUltra.css */; };
		4392B0471E02E090007A9177 /* shThemeMidnight.css in Resources */ = {isa = PBXBuildFile; fileRef = 4392B0361E02E090007A9177 /* shThemeMidnight.css */; };
		4392B0481E02E090007A9177 /* shThemeRDark.css in Resources */ = {isa = PBXBuildFile; fileRef = 4392B0371E02E090007A9177 /* shThemeRDark.css */; };
		43AA925E1DF659D700102486 /* MovieModel.swift in Sources */ = {isa = PBXBuildFile; fileRef = 43AA925D1DF659D700102486 /* MovieModel.swift */; };
		43AA92611DF6E00D00102486 /* SearchController.swift in Sources */ = {isa = PBXBuildFile; fileRef = 43AA92601DF6E00D00102486 /* SearchController.swift */; };
		43AA92661DF6E56200102486 /* FilmController.swift in Sources */ = {isa = PBXBuildFile; fileRef = 43AA92651DF6E56200102486 /* FilmController.swift */; };
		43AA92681DF6E58500102486 /* CinecismController.swift in Sources */ = {isa = PBXBuildFile; fileRef = 43AA92671DF6E58500102486 /* CinecismController.swift */; };
		43AA926A1DF6E5A700102486 /* BoxOfficeController.swift in Sources */ = {isa = PBXBuildFile; fileRef = 43AA92691DF6E5A700102486 /* BoxOfficeController.swift */; };
		43AA926D1DF70DAE00102486 /* MovieViewCell.swift in Sources */ = {isa = PBXBuildFile; fileRef = 43AA926C1DF70DAE00102486 /* MovieViewCell.swift */; };
		43AA926F1DF7100400102486 /* Reusable.swift in Sources */ = {isa = PBXBuildFile; fileRef = 43AA926E1DF7100400102486 /* Reusable.swift */; };
		43AD2ECB1DF460B90073C26E /* Constant.swift in Sources */ = {isa = PBXBuildFile; fileRef = 43AD2ECA1DF460B90073C26E /* Constant.swift */; };
		43AD2ECD1DF460D90073C26E /* IMovieService.swift in Sources */ = {isa = PBXBuildFile; fileRef = 43AD2ECC1DF460D90073C26E /* IMovieService.swift */; };
		43AD2ED11DF469900073C26E /* IMovie.swift in Sources */ = {isa = PBXBuildFile; fileRef = 43AD2ED01DF469900073C26E /* IMovie.swift */; };
		43B3D6181DF862EF00789A9E /* UIImageView+iMovie.swift in Sources */ = {isa = PBXBuildFile; fileRef = 43B3D6171DF862EF00789A9E /* UIImageView+iMovie.swift */; };
		43CBC2D11E014A560060515F /* String+iMovie.swift in Sources */ = {isa = PBXBuildFile; fileRef = 43CBC2D01E014A560060515F /* String+iMovie.swift */; };
/* End PBXBuildFile section */

/* Begin PBXContainerItemProxy section */
		433864AC1DF3F8D7000F58E3 /* PBXContainerItemProxy */ = {
			isa = PBXContainerItemProxy;
			containerPortal = 4338648F1DF3F8D7000F58E3 /* Project object */;
			proxyType = 1;
			remoteGlobalIDString = 433864961DF3F8D7000F58E3;
			remoteInfo = iMovie;
		};
		433864B71DF3F8D7000F58E3 /* PBXContainerItemProxy */ = {
			isa = PBXContainerItemProxy;
			containerPortal = 4338648F1DF3F8D7000F58E3 /* Project object */;
			proxyType = 1;
			remoteGlobalIDString = 433864961DF3F8D7000F58E3;
			remoteInfo = iMovie;
		};
/* End PBXContainerItemProxy section */

/* Begin PBXFileReference section */
		1C41A368BF90047E16353DD7 /* Pods-iMovie.release.xcconfig */ = {isa = PBXFileReference; includeInIndex = 1; lastKnownFileType = text.xcconfig; name = "Pods-iMovie.release.xcconfig"; path = "Pods/Target Support Files/Pods-iMovie/Pods-iMovie.release.xcconfig"; sourceTree = "<group>"; };
		33245A8CD45427BE5AAA5CC9 /* Pods-iMovie.debug.xcconfig */ = {isa = PBXFileReference; includeInIndex = 1; lastKnownFileType = text.xcconfig; name = "Pods-iMovie.debug.xcconfig"; path = "Pods/Target Support Files/Pods-iMovie/Pods-iMovie.debug.xcconfig"; sourceTree = "<group>"; };
		431E0CD61E0397F800D0332D /* CincismHeaderView.swift */ = {isa = PBXFileReference; fileEncoding = 4; lastKnownFileType = sourcecode.swift; name = CincismHeaderView.swift; path = Views/Cinecism/CincismHeaderView.swift; sourceTree = "<group>"; };
		431E0CD81E03EA0E00D0332D /* CommentTableViewCell.swift */ = {isa = PBXFileReference; fileEncoding = 4; lastKnownFileType = sourcecode.swift; name = CommentTableViewCell.swift; path = Views/Cinecism/CommentTableViewCell.swift; sourceTree = "<group>"; };
		431E0CDA1E03EA5600D0332D /* CommentModel.swift */ = {isa = PBXFileReference; fileEncoding = 4; lastKnownFileType = sourcecode.swift; name = CommentModel.swift; path = Models/CommentModel.swift; sourceTree = "<group>"; };
		431E0CDC1E041BE300D0332D /* UILabel+iMovie.swift */ = {isa = PBXFileReference; fileEncoding = 4; lastKnownFileType = sourcecode.swift; name = "UILabel+iMovie.swift"; path = "Extension/UILabel+iMovie.swift"; sourceTree = "<group>"; };
		433864971DF3F8D7000F58E3 /* iMovie.app */ = {isa = PBXFileReference; explicitFileType = wrapper.application; includeInIndex = 0; path = iMovie.app; sourceTree = BUILT_PRODUCTS_DIR; };
		4338649A1DF3F8D7000F58E3 /* AppDelegate.swift */ = {isa = PBXFileReference; lastKnownFileType = sourcecode.swift; path = AppDelegate.swift; sourceTree = "<group>"; };
		433864A11DF3F8D7000F58E3 /* Assets.xcassets */ = {isa = PBXFileReference; lastKnownFileType = folder.assetcatalog; path = Assets.xcassets; sourceTree = "<group>"; };
		433864A41DF3F8D7000F58E3 /* Base */ = {isa = PBXFileReference; lastKnownFileType = file.storyboard; name = Base; path = Base.lproj/LaunchScreen.storyboard; sourceTree = "<group>"; };
		433864A61DF3F8D7000F58E3 /* Info.plist */ = {isa = PBXFileReference; lastKnownFileType = text.plist.xml; path = Info.plist; sourceTree = "<group>"; };
		433864AB1DF3F8D7000F58E3 /* iMovieTests.xctest */ = {isa = PBXFileReference; explicitFileType = wrapper.cfbundle; includeInIndex = 0; path = iMovieTests.xctest; sourceTree = BUILT_PRODUCTS_DIR; };
		433864AF1DF3F8D7000F58E3 /* iMovieTests.swift */ = {isa = PBXFileReference; lastKnownFileType = sourcecode.swift; path = iMovieTests.swift; sourceTree = "<group>"; };
		433864B11DF3F8D7000F58E3 /* Info.plist */ = {isa = PBXFileReference; lastKnownFileType = text.plist.xml; path = Info.plist; sourceTree = "<group>"; };
		433864B61DF3F8D7000F58E3 /* iMovieUITests.xctest */ = {isa = PBXFileReference; explicitFileType = wrapper.cfbundle; includeInIndex = 0; path = iMovieUITests.xctest; sourceTree = BUILT_PRODUCTS_DIR; };
		433864BA1DF3F8D7000F58E3 /* iMovieUITests.swift */ = {isa = PBXFileReference; lastKnownFileType = sourcecode.swift; path = iMovieUITests.swift; sourceTree = "<group>"; };
		433864BC1DF3F8D7000F58E3 /* Info.plist */ = {isa = PBXFileReference; lastKnownFileType = text.plist.xml; path = Info.plist; sourceTree = "<group>"; };
		433A854C1DFC345100B33AFC /* CinecismTableViewCell.swift */ = {isa = PBXFileReference; fileEncoding = 4; lastKnownFileType = sourcecode.swift; name = CinecismTableViewCell.swift; path = Views/Cinecism/CinecismTableViewCell.swift; sourceTree = "<group>"; };
		433A854E1DFC3CDC00B33AFC /* CincismModel.swift */ = {isa = PBXFileReference; fileEncoding = 4; lastKnownFileType = sourcecode.swift; name = CincismModel.swift; path = Models/CincismModel.swift; sourceTree = "<group>"; };
		433E1E351DFA505000D8E190 /* ImageCollectionCell.swift */ = {isa = PBXFileReference; fileEncoding = 4; lastKnownFileType = sourcecode.swift; name = ImageCollectionCell.swift; path = Views/FilmController/ImageCollectionCell.swift; sourceTree = "<group>"; };
		433F06E01DFE856C0055EF02 /* iMovieAPI.txt */ = {isa = PBXFileReference; fileEncoding = 4; lastKnownFileType = text; name = iMovieAPI.txt; path = Resources/iMovieAPI.txt; sourceTree = "<group>"; };
		433F06E21DFE96AE0055EF02 /* DetailCincismController.swift */ = {isa = PBXFileReference; fileEncoding = 4; lastKnownFileType = sourcecode.swift; name = DetailCincismController.swift; path = Controllers/CinecismController/DetailCincismController.swift; sourceTree = "<group>"; };
		433F06E41DFED9890055EF02 /* HeaderBackView.swift */ = {isa = PBXFileReference; fileEncoding = 4; lastKnownFileType = sourcecode.swift; name = HeaderBackView.swift; path = Views/HeaderBackView.swift; sourceTree = "<group>"; };
		433F06E61DFEDCA40055EF02 /* BottomToolsBar.swift */ = {isa = PBXFileReference; fileEncoding = 4; lastKnownFileType = sourcecode.swift; name = BottomToolsBar.swift; path = Views/BottomToolsBar.swift; sourceTree = "<group>"; };
		433F06E81DFEDDD80055EF02 /* ShareResuable.swift */ = {isa = PBXFileReference; fileEncoding = 4; lastKnownFileType = sourcecode.swift; name = ShareResuable.swift; path = Extension/ShareResuable.swift; sourceTree = "<group>"; };
		433F06EA1DFEDEDD0055EF02 /* ShareView.swift */ = {isa = PBXFileReference; fileEncoding = 4; lastKnownFileType = sourcecode.swift; name = ShareView.swift; path = Views/ShareView.swift; sourceTree = "<group>"; };
		433F06EC1DFEE0460055EF02 /* UIViewController+iM.swift */ = {isa = PBXFileReference; fileEncoding = 4; lastKnownFileType = sourcecode.swift; name = "UIViewController+iM.swift"; path = "Extension/UIViewController+iM.swift"; sourceTree = "<group>"; };
		434027D91DF8FB0C00C2D733 /* MovieInfoTableViewCell.swift */ = {isa = PBXFileReference; fileEncoding = 4; lastKnownFileType = sourcecode.swift; name = MovieInfoTableViewCell.swift; path = Views/FilmController/MovieInfoTableViewCell.swift; sourceTree = "<group>"; };
		434027DB1DF9327000C2D733 /* ControllerResuable.swift */ = {isa = PBXFileReference; fileEncoding = 4; lastKnownFileType = sourcecode.swift; name = ControllerResuable.swift; path = Extension/ControllerResuable.swift; sourceTree = "<group>"; };
		434027DE1DF932EB00C2D733 /* MainHeaderView.swift */ = {isa = PBXFileReference; fileEncoding = 4; lastKnownFileType = sourcecode.swift; name = MainHeaderView.swift; path = Views/MainView/MainHeaderView.swift; sourceTree = "<group>"; };
		434027E01DF9334200C2D733 /* UIFont+iMovie.swift */ = {isa = PBXFileReference; fileEncoding = 4; lastKnownFileType = sourcecode.swift; name = "UIFont+iMovie.swift"; path = "Extension/UIFont+iMovie.swift"; sourceTree = "<group>"; };
		434027E21DF9338900C2D733 /* UIView+Frame.swift */ = {isa = PBXFileReference; fileEncoding = 4; lastKnownFileType = sourcecode.swift; name = "UIView+Frame.swift"; path = "Extension/UIView+Frame.swift"; sourceTree = "<group>"; };
		434027E41DF9343D00C2D733 /* PullToRefreshView.swift */ = {isa = PBXFileReference; fileEncoding = 4; lastKnownFileType = sourcecode.swift; name = PullToRefreshView.swift; path = Views/PullToRefresh/PullToRefreshView.swift; sourceTree = "<group>"; };
		434027E71DF934A300C2D733 /* LoadMoreView.swift */ = {isa = PBXFileReference; fileEncoding = 4; lastKnownFileType = sourcecode.swift; name = LoadMoreView.swift; path = Views/PullToRefresh/LoadMoreView.swift; sourceTree = "<group>"; };
		434027E91DF934D900C2D733 /* ActivityIndicatorView.swift */ = {isa = PBXFileReference; fileEncoding = 4; lastKnownFileType = sourcecode.swift; name = ActivityIndicatorView.swift; path = Views/PullToRefresh/ActivityIndicatorView.swift; sourceTree = "<group>"; };
		434027EC1DF9362F00C2D733 /* MenuViewController.swift */ = {isa = PBXFileReference; fileEncoding = 4; lastKnownFileType = sourcecode.swift; name = MenuViewController.swift; path = Controllers/MenuController/MenuViewController.swift; sourceTree = "<group>"; };
		434027EF1DF936C300C2D733 /* MenuHeaaderView.swift */ = {isa = PBXFileReference; fileEncoding = 4; lastKnownFileType = sourcecode.swift; name = MenuHeaaderView.swift; path = Views/MenuView/MenuHeaaderView.swift; sourceTree = "<group>"; };
		434027F11DF9371400C2D733 /* MenuTableViewCell.swift */ = {isa = PBXFileReference; fileEncoding = 4; lastKnownFileType = sourcecode.swift; name = MenuTableViewCell.swift; path = Controllers/MenuController/MenuTableViewCell.swift; sourceTree = "<group>"; };
		434027F31DF9379800C2D733 /* MenuTabModel.swift */ = {isa = PBXFileReference; fileEncoding = 4; lastKnownFileType = sourcecode.swift; name = MenuTabModel.swift; path = Models/MenuTabModel.swift; sourceTree = "<group>"; };
		434027F61DF93AB800C2D733 /* BasePageController.swift */ = {isa = PBXFileReference; fileEncoding = 4; lastKnownFileType = sourcecode.swift; name = BasePageController.swift; path = Controllers/BaseController/BasePageController.swift; sourceTree = "<group>"; };
		434027F81DF93AF500C2D733 /* BaseNavController.swift */ = {isa = PBXFileReference; fileEncoding = 4; lastKnownFileType = sourcecode.swift; name = BaseNavController.swift; path = Controllers/BaseController/BaseNavController.swift; sourceTree = "<group>"; };
		434027FD1DF93DA700C2D733 /* DINPro-Medium.TTF */ = {isa = PBXFileReference; lastKnownFileType = file; name = "DINPro-Medium.TTF"; path = "Other/Font/DINPro-Medium.TTF"; sourceTree = "<group>"; };
		434027FE1DF93DA700C2D733 /* FZLTXIHJW--GB1-0.TTF */ = {isa = PBXFileReference; lastKnownFileType = file; name = "FZLTXIHJW--GB1-0.TTF"; path = "Other/Font/FZLTXIHJW--GB1-0.TTF"; sourceTree = "<group>"; };
		434027FF1DF93DA700C2D733 /* FZLTZCHJW--GB1-0.TTF */ = {isa = PBXFileReference; lastKnownFileType = file; name = "FZLTZCHJW--GB1-0.TTF"; path = "Other/Font/FZLTZCHJW--GB1-0.TTF"; sourceTree = "<group>"; };
		434028041DF93DD000C2D733 /* YYFPSLabel.h */ = {isa = PBXFileReference; fileEncoding = 4; lastKnownFileType = sourcecode.c.h; name = YYFPSLabel.h; path = Other/Lib/YYFPSLabel/YYFPSLabel.h; sourceTree = "<group>"; };
		434028051DF93DD000C2D733 /* YYFPSLabel.m */ = {isa = PBXFileReference; fileEncoding = 4; lastKnownFileType = sourcecode.c.objc; name = YYFPSLabel.m; path = Other/Lib/YYFPSLabel/YYFPSLabel.m; sourceTree = "<group>"; };
		43480B691DF4101A00169DD7 /* MainViewController.swift */ = {isa = PBXFileReference; fileEncoding = 4; lastKnownFileType = sourcecode.swift; name = MainViewController.swift; path = Controllers/MainController/MainViewController.swift; sourceTree = "<group>"; };
		436D54621E062A3300EFBB40 /* ModulesModel.swift */ = {isa = PBXFileReference; fileEncoding = 4; lastKnownFileType = sourcecode.swift; name = ModulesModel.swift; path = Models/ModulesModel.swift; sourceTree = "<group>"; };
		436D54641E0693FF00EFBB40 /* RatingBar.swift */ = {isa = PBXFileReference; fileEncoding = 4; lastKnownFileType = sourcecode.swift; name = RatingBar.swift; path = Views/RatingBar.swift; sourceTree = "<group>"; };
		436D54661E06D90000EFBB40 /* RankListViewCell.swift */ = {isa = PBXFileReference; fileEncoding = 4; lastKnownFileType = sourcecode.swift; name = RankListViewCell.swift; path = Views/FilmController/RankListViewCell.swift; sourceTree = "<group>"; };
		4392AF6D1E0248CF007A9177 /* base.html */ = {isa = PBXFileReference; fileEncoding = 4; lastKnownFileType = text.html; path = base.html; sourceTree = "<group>"; };
		4392AFEA1E02DFD9007A9177 /* html */ = {isa = PBXFileReference; lastKnownFileType = folder; name = html; path = Resources/html; sourceTree = "<group>"; };
		4392AFEC1E02E018007A9177 /* shAutoloader.js */ = {isa = PBXFileReference; lastKnownFileType = sourcecode.javascript; name = shAutoloader.js; path = Resources/js/shAutoloader.js; sourceTree = "<group>"; };
		4392AFED1E02E018007A9177 /* shBrushAppleScript.js */ = {isa = PBXFileReference; lastKnownFileType = sourcecode.javascript; name = shBrushAppleScript.js; path = Resources/js/shBrushAppleScript.js; sourceTree = "<group>"; };
		4392AFEE1E02E018007A9177 /* shBrushAS3.js */ = {isa = PBXFileReference; lastKnownFileType = sourcecode.javascript; name = shBrushAS3.js; path = Resources/js/shBrushAS3.js; sourceTree = "<group>"; };
		4392AFEF1E02E018007A9177 /* shBrushBash.js */ = {isa = PBXFileReference; lastKnownFileType = sourcecode.javascript; name = shBrushBash.js; path = Resources/js/shBrushBash.js; sourceTree = "<group>"; };
		4392AFF01E02E018007A9177 /* shBrushColdFusion.js */ = {isa = PBXFileReference; lastKnownFileType = sourcecode.javascript; name = shBrushColdFusion.js; path = Resources/js/shBrushColdFusion.js; sourceTree = "<group>"; };
		4392AFF11E02E018007A9177 /* shBrushCpp.js */ = {isa = PBXFileReference; lastKnownFileType = sourcecode.javascript; name = shBrushCpp.js; path = Resources/js/shBrushCpp.js; sourceTree = "<group>"; };
		4392AFF21E02E018007A9177 /* shBrushCSharp.js */ = {isa = PBXFileReference; lastKnownFileType = sourcecode.javascript; name = shBrushCSharp.js; path = Resources/js/shBrushCSharp.js; sourceTree = "<group>"; };
		4392AFF31E02E018007A9177 /* shBrushCss.js */ = {isa = PBXFileReference; lastKnownFileType = sourcecode.javascript; name = shBrushCss.js; path = Resources/js/shBrushCss.js; sourceTree = "<group>"; };
		4392AFF41E02E018007A9177 /* shBrushDelphi.js */ = {isa = PBXFileReference; lastKnownFileType = sourcecode.javascript; name = shBrushDelphi.js; path = Resources/js/shBrushDelphi.js; sourceTree = "<group>"; };
		4392AFF51E02E018007A9177 /* shBrushDiff.js */ = {isa = PBXFileReference; lastKnownFileType = sourcecode.javascript; name = shBrushDiff.js; path = Resources/js/shBrushDiff.js; sourceTree = "<group>"; };
		4392AFF61E02E018007A9177 /* shBrushErlang.js */ = {isa = PBXFileReference; lastKnownFileType = sourcecode.javascript; name = shBrushErlang.js; path = Resources/js/shBrushErlang.js; sourceTree = "<group>"; };
		4392AFF71E02E018007A9177 /* shBrushGroovy.js */ = {isa = PBXFileReference; lastKnownFileType = sourcecode.javascript; name = shBrushGroovy.js; path = Resources/js/shBrushGroovy.js; sourceTree = "<group>"; };
		4392AFF81E02E018007A9177 /* shBrushJava.js */ = {isa = PBXFileReference; lastKnownFileType = sourcecode.javascript; name = shBrushJava.js; path = Resources/js/shBrushJava.js; sourceTree = "<group>"; };
		4392AFF91E02E018007A9177 /* shBrushJavaFX.js */ = {isa = PBXFileReference; lastKnownFileType = sourcecode.javascript; name = shBrushJavaFX.js; path = Resources/js/shBrushJavaFX.js; sourceTree = "<group>"; };
		4392AFFA1E02E018007A9177 /* shBrushJScript.js */ = {isa = PBXFileReference; lastKnownFileType = sourcecode.javascript; name = shBrushJScript.js; path = Resources/js/shBrushJScript.js; sourceTree = "<group>"; };
		4392AFFB1E02E018007A9177 /* shBrushPerl.js */ = {isa = PBXFileReference; lastKnownFileType = sourcecode.javascript; name = shBrushPerl.js; path = Resources/js/shBrushPerl.js; sourceTree = "<group>"; };
		4392AFFC1E02E018007A9177 /* shBrushPhp.js */ = {isa = PBXFileReference; lastKnownFileType = sourcecode.javascript; name = shBrushPhp.js; path = Resources/js/shBrushPhp.js; sourceTree = "<group>"; };
		4392AFFD1E02E018007A9177 /* shBrushPlain.js */ = {isa = PBXFileReference; lastKnownFileType = sourcecode.javascript; name = shBrushPlain.js; path = Resources/js/shBrushPlain.js; sourceTree = "<group>"; };
		4392AFFE1E02E018007A9177 /* shBrushPowerShell.js */ = {isa = PBXFileReference; lastKnownFileType = sourcecode.javascript; name = shBrushPowerShell.js; path = Resources/js/shBrushPowerShell.js; sourceTree = "<group>"; };
		4392AFFF1E02E018007A9177 /* shBrushPython.js */ = {isa = PBXFileReference; lastKnownFileType = sourcecode.javascript; name = shBrushPython.js; path = Resources/js/shBrushPython.js; sourceTree = "<group>"; };
		4392B0001E02E018007A9177 /* shBrushRuby.js */ = {isa = PBXFileReference; lastKnownFileType = sourcecode.javascript; name = shBrushRuby.js; path = Resources/js/shBrushRuby.js; sourceTree = "<group>"; };
		4392B0011E02E018007A9177 /* shBrushSass.js */ = {isa = PBXFileReference; lastKnownFileType = sourcecode.javascript; name = shBrushSass.js; path = Resources/js/shBrushSass.js; sourceTree = "<group>"; };
		4392B0021E02E018007A9177 /* shBrushScala.js */ = {isa = PBXFileReference; lastKnownFileType = sourcecode.javascript; name = shBrushScala.js; path = Resources/js/shBrushScala.js; sourceTree = "<group>"; };
		4392B0031E02E018007A9177 /* shBrushSql.js */ = {isa = PBXFileReference; lastKnownFileType = sourcecode.javascript; name = shBrushSql.js; path = Resources/js/shBrushSql.js; sourceTree = "<group>"; };
		4392B0041E02E018007A9177 /* shBrushVb.js */ = {isa = PBXFileReference; lastKnownFileType = sourcecode.javascript; name = shBrushVb.js; path = Resources/js/shBrushVb.js; sourceTree = "<group>"; };
		4392B0051E02E018007A9177 /* shBrushXml.js */ = {isa = PBXFileReference; lastKnownFileType = sourcecode.javascript; name = shBrushXml.js; path = Resources/js/shBrushXml.js; sourceTree = "<group>"; };
		4392B0061E02E018007A9177 /* shCore.js */ = {isa = PBXFileReference; lastKnownFileType = sourcecode.javascript; name = shCore.js; path = Resources/js/shCore.js; sourceTree = "<group>"; };
		4392B0071E02E018007A9177 /* shLegacy.js */ = {isa = PBXFileReference; lastKnownFileType = sourcecode.javascript; name = shLegacy.js; path = Resources/js/shLegacy.js; sourceTree = "<group>"; };
		4392B0241E02E047007A9177 /* detail.css */ = {isa = PBXFileReference; lastKnownFileType = text.css; name = detail.css; path = Resources/CSS/detail.css; sourceTree = "<group>"; };
		4392B0271E02E090007A9177 /* shCore.css */ = {isa = PBXFileReference; lastKnownFileType = text.css; name = shCore.css; path = Resources/CSS/styles/shCore.css; sourceTree = "<group>"; };
		4392B0281E02E090007A9177 /* shCoreDefault.css */ = {isa = PBXFileReference; lastKnownFileType = text.css; name = shCoreDefault.css; path = Resources/CSS/styles/shCoreDefault.css; sourceTree = "<group>"; };
		4392B0291E02E090007A9177 /* shCoreDjango.css */ = {isa = PBXFileReference; lastKnownFileType = text.css; name = shCoreDjango.css; path = Resources/CSS/styles/shCoreDjango.css; sourceTree = "<group>"; };
		4392B02A1E02E090007A9177 /* shCoreEclipse.css */ = {isa = PBXFileReference; lastKnownFileType = text.css; name = shCoreEclipse.css; path = Resources/CSS/styles/shCoreEclipse.css; sourceTree = "<group>"; };
		4392B02B1E02E090007A9177 /* shCoreEmacs.css */ = {isa = PBXFileReference; lastKnownFileType = text.css; name = shCoreEmacs.css; path = Resources/CSS/styles/shCoreEmacs.css; sourceTree = "<group>"; };
		4392B02C1E02E090007A9177 /* shCoreFadeToGrey.css */ = {isa = PBXFileReference; lastKnownFileType = text.css; name = shCoreFadeToGrey.css; path = Resources/CSS/styles/shCoreFadeToGrey.css; sourceTree = "<group>"; };
		4392B02D1E02E090007A9177 /* shCoreMDUltra.css */ = {isa = PBXFileReference; lastKnownFileType = text.css; name = shCoreMDUltra.css; path = Resources/CSS/styles/shCoreMDUltra.css; sourceTree = "<group>"; };
		4392B02E1E02E090007A9177 /* shCoreMidnight.css */ = {isa = PBXFileReference; lastKnownFileType = text.css; name = shCoreMidnight.css; path = Resources/CSS/styles/shCoreMidnight.css; sourceTree = "<group>"; };
		4392B02F1E02E090007A9177 /* shCoreRDark.css */ = {isa = PBXFileReference; lastKnownFileType = text.css; name = shCoreRDark.css; path = Resources/CSS/styles/shCoreRDark.css; sourceTree = "<group>"; };
		4392B0301E02E090007A9177 /* shThemeDefault.css */ = {isa = PBXFileReference; lastKnownFileType = text.css; name = shThemeDefault.css; path = Resources/CSS/styles/shThemeDefault.css; sourceTree = "<group>"; };
		4392B0311E02E090007A9177 /* shThemeDjango.css */ = {isa = PBXFileReference; lastKnownFileType = text.css; name = shThemeDjango.css; path = Resources/CSS/styles/shThemeDjango.css; sourceTree = "<group>"; };
		4392B0321E02E090007A9177 /* shThemeEclipse.css */ = {isa = PBXFileReference; lastKnownFileType = text.css; name = shThemeEclipse.css; path = Resources/CSS/styles/shThemeEclipse.css; sourceTree = "<group>"; };
		4392B0331E02E090007A9177 /* shThemeEmacs.css */ = {isa = PBXFileReference; lastKnownFileType = text.css; name = shThemeEmacs.css; path = Resources/CSS/styles/shThemeEmacs.css; sourceTree = "<group>"; };
		4392B0341E02E090007A9177 /* shThemeFadeToGrey.css */ = {isa = PBXFileReference; lastKnownFileType = text.css; name = shThemeFadeToGrey.css; path = Resources/CSS/styles/shThemeFadeToGrey.css; sourceTree = "<group>"; };
		4392B0351E02E090007A9177 /* shThemeMDUltra.css */ = {isa = PBXFileReference; lastKnownFileType = text.css; name = shThemeMDUltra.css; path = Resources/CSS/styles/shThemeMDUltra.css; sourceTree = "<group>"; };
		4392B0361E02E090007A9177 /* shThemeMidnight.css */ = {isa = PBXFileReference; lastKnownFileType = text.css; name = shThemeMidnight.css; path = Resources/CSS/styles/shThemeMidnight.css; sourceTree = "<group>"; };
		4392B0371E02E090007A9177 /* shThemeRDark.css */ = {isa = PBXFileReference; lastKnownFileType = text.css; name = shThemeRDark.css; path = Resources/CSS/styles/shThemeRDark.css; sourceTree = "<group>"; };
		43AA925D1DF659D700102486 /* MovieModel.swift */ = {isa = PBXFileReference; fileEncoding = 4; lastKnownFileType = sourcecode.swift; name = MovieModel.swift; path = Models/MovieModel.swift; sourceTree = "<group>"; };
		43AA92601DF6E00D00102486 /* SearchController.swift */ = {isa = PBXFileReference; fileEncoding = 4; lastKnownFileType = sourcecode.swift; name = SearchController.swift; path = Controllers/SearchController/SearchController.swift; sourceTree = "<group>"; };
		43AA92651DF6E56200102486 /* FilmController.swift */ = {isa = PBXFileReference; fileEncoding = 4; lastKnownFileType = sourcecode.swift; name = FilmController.swift; path = Controllers/FilmController/FilmController.swift; sourceTree = "<group>"; };
		43AA92671DF6E58500102486 /* CinecismController.swift */ = {isa = PBXFileReference; fileEncoding = 4; lastKnownFileType = sourcecode.swift; name = CinecismController.swift; path = Controllers/CinecismController/CinecismController.swift; sourceTree = "<group>"; };
		43AA92691DF6E5A700102486 /* BoxOfficeController.swift */ = {isa = PBXFileReference; fileEncoding = 4; lastKnownFileType = sourcecode.swift; name = BoxOfficeController.swift; path = Controllers/BoxOfficeController/BoxOfficeController.swift; sourceTree = "<group>"; };
		43AA926C1DF70DAE00102486 /* MovieViewCell.swift */ = {isa = PBXFileReference; fileEncoding = 4; lastKnownFileType = sourcecode.swift; name = MovieViewCell.swift; path = Views/FilmController/MovieViewCell.swift; sourceTree = "<group>"; };
		43AA926E1DF7100400102486 /* Reusable.swift */ = {isa = PBXFileReference; fileEncoding = 4; lastKnownFileType = sourcecode.swift; name = Reusable.swift; path = Extension/Reusable.swift; sourceTree = "<group>"; };
		43AD2ECA1DF460B90073C26E /* Constant.swift */ = {isa = PBXFileReference; fileEncoding = 4; lastKnownFileType = sourcecode.swift; name = Constant.swift; path = Constants/Constant.swift; sourceTree = "<group>"; };
		43AD2ECC1DF460D90073C26E /* IMovieService.swift */ = {isa = PBXFileReference; fileEncoding = 4; lastKnownFileType = sourcecode.swift; path = IMovieService.swift; sourceTree = "<group>"; };
		43AD2ED01DF469900073C26E /* IMovie.swift */ = {isa = PBXFileReference; fileEncoding = 4; lastKnownFileType = sourcecode.swift; name = IMovie.swift; path = Services/IMovie.swift; sourceTree = "<group>"; };
		43B3D6171DF862EF00789A9E /* UIImageView+iMovie.swift */ = {isa = PBXFileReference; fileEncoding = 4; lastKnownFileType = sourcecode.swift; name = "UIImageView+iMovie.swift"; path = "Extension/UIImageView+iMovie.swift"; sourceTree = "<group>"; };
		43B3D6191DF8640400789A9E /* iMovie-Bridging-Header.h */ = {isa = PBXFileReference; lastKnownFileType = sourcecode.c.h; path = "iMovie-Bridging-Header.h"; sourceTree = "<group>"; };
		43CBC2D01E014A560060515F /* String+iMovie.swift */ = {isa = PBXFileReference; fileEncoding = 4; lastKnownFileType = sourcecode.swift; name = "String+iMovie.swift"; path = "Extension/String+iMovie.swift"; sourceTree = "<group>"; };
		ADCE2CC35F35FE9B74E0F4FE /* Pods_iMovie.framework */ = {isa = PBXFileReference; explicitFileType = wrapper.framework; includeInIndex = 0; path = Pods_iMovie.framework; sourceTree = BUILT_PRODUCTS_DIR; };
/* End PBXFileReference section */

/* Begin PBXFrameworksBuildPhase section */
		433864941DF3F8D7000F58E3 /* Frameworks */ = {
			isa = PBXFrameworksBuildPhase;
			buildActionMask = 2147483647;
			files = (
				38B82DE71277BBC01CF2C229 /* Pods_iMovie.framework in Frameworks */,
			);
			runOnlyForDeploymentPostprocessing = 0;
		};
		433864A81DF3F8D7000F58E3 /* Frameworks */ = {
			isa = PBXFrameworksBuildPhase;
			buildActionMask = 2147483647;
			files = (
			);
			runOnlyForDeploymentPostprocessing = 0;
		};
		433864B31DF3F8D7000F58E3 /* Frameworks */ = {
			isa = PBXFrameworksBuildPhase;
			buildActionMask = 2147483647;
			files = (
			);
			runOnlyForDeploymentPostprocessing = 0;
		};
/* End PBXFrameworksBuildPhase section */

/* Begin PBXGroup section */
		3A7B8D73744BB5575B60715C /* Pods */ = {
			isa = PBXGroup;
			children = (
				33245A8CD45427BE5AAA5CC9 /* Pods-iMovie.debug.xcconfig */,
				1C41A368BF90047E16353DD7 /* Pods-iMovie.release.xcconfig */,
			);
			name = Pods;
			sourceTree = "<group>";
		};
		4338648E1DF3F8D7000F58E3 = {
			isa = PBXGroup;
			children = (
				433864991DF3F8D7000F58E3 /* iMovie */,
				433864AE1DF3F8D7000F58E3 /* iMovieTests */,
				433864B91DF3F8D7000F58E3 /* iMovieUITests */,
				433864981DF3F8D7000F58E3 /* Products */,
				3A7B8D73744BB5575B60715C /* Pods */,
				846ED98D0272CB804D4BE2BB /* Frameworks */,
			);
			sourceTree = "<group>";
		};
		433864981DF3F8D7000F58E3 /* Products */ = {
			isa = PBXGroup;
			children = (
				433864971DF3F8D7000F58E3 /* iMovie.app */,
				433864AB1DF3F8D7000F58E3 /* iMovieTests.xctest */,
				433864B61DF3F8D7000F58E3 /* iMovieUITests.xctest */,
			);
			name = Products;
			sourceTree = "<group>";
		};
		433864991DF3F8D7000F58E3 /* iMovie */ = {
			isa = PBXGroup;
			children = (
				43480B621DF40F0700169DD7 /* Constants */,
				43480B611DF40EF300169DD7 /* Controllers */,
				43480B631DF40F1700169DD7 /* Extension */,
				43480B641DF40F2800169DD7 /* Models */,
				434027FA1DF93CF000C2D733 /* Other */,
				43480B651DF40F3B00169DD7 /* Resources */,
				43480B661DF40F4600169DD7 /* Services */,
				43480B671DF40F5100169DD7 /* Views */,
				4338649A1DF3F8D7000F58E3 /* AppDelegate.swift */,
				433864A11DF3F8D7000F58E3 /* Assets.xcassets */,
				433864A31DF3F8D7000F58E3 /* LaunchScreen.storyboard */,
				433864A61DF3F8D7000F58E3 /* Info.plist */,
				43B3D6191DF8640400789A9E /* iMovie-Bridging-Header.h */,
			);
			path = iMovie;
			sourceTree = "<group>";
		};
		433864AE1DF3F8D7000F58E3 /* iMovieTests */ = {
			isa = PBXGroup;
			children = (
				433864AF1DF3F8D7000F58E3 /* iMovieTests.swift */,
				433864B11DF3F8D7000F58E3 /* Info.plist */,
			);
			path = iMovieTests;
			sourceTree = "<group>";
		};
		433864B91DF3F8D7000F58E3 /* iMovieUITests */ = {
			isa = PBXGroup;
			children = (
				433864BA1DF3F8D7000F58E3 /* iMovieUITests.swift */,
				433864BC1DF3F8D7000F58E3 /* Info.plist */,
			);
			path = iMovieUITests;
			sourceTree = "<group>";
		};
		433A854B1DFC340900B33AFC /* Cinecism */ = {
			isa = PBXGroup;
			children = (
				433A854C1DFC345100B33AFC /* CinecismTableViewCell.swift */,
				431E0CD61E0397F800D0332D /* CincismHeaderView.swift */,
				431E0CD81E03EA0E00D0332D /* CommentTableViewCell.swift */,
			);
			name = Cinecism;
			sourceTree = "<group>";
		};
		434027DD1DF932C000C2D733 /* MainView */ = {
			isa = PBXGroup;
			children = (
				434027DE1DF932EB00C2D733 /* MainHeaderView.swift */,
			);
			name = MainView;
			sourceTree = "<group>";
		};
		434027E61DF9348300C2D733 /* PullToRefresh */ = {
			isa = PBXGroup;
			children = (
				434027E41DF9343D00C2D733 /* PullToRefreshView.swift */,
				434027E71DF934A300C2D733 /* LoadMoreView.swift */,
				434027E91DF934D900C2D733 /* ActivityIndicatorView.swift */,
			);
			name = PullToRefresh;
			sourceTree = "<group>";
		};
		434027EB1DF935EE00C2D733 /* MenuController */ = {
			isa = PBXGroup;
			children = (
				434027EC1DF9362F00C2D733 /* MenuViewController.swift */,
			);
			name = MenuController;
			sourceTree = "<group>";
		};
		434027EE1DF9369B00C2D733 /* MenuView */ = {
			isa = PBXGroup;
			children = (
				434027EF1DF936C300C2D733 /* MenuHeaaderView.swift */,
				434027F11DF9371400C2D733 /* MenuTableViewCell.swift */,
			);
			name = MenuView;
			sourceTree = "<group>";
		};
		434027F51DF93A7200C2D733 /* BaseController */ = {
			isa = PBXGroup;
			children = (
				434027F61DF93AB800C2D733 /* BasePageController.swift */,
				434027F81DF93AF500C2D733 /* BaseNavController.swift */,
			);
			name = BaseController;
			sourceTree = "<group>";
		};
		434027FA1DF93CF000C2D733 /* Other */ = {
			isa = PBXGroup;
			children = (
				434027FB1DF93D2600C2D733 /* Font */,
				434027FC1DF93D3500C2D733 /* Lib */,
			);
			name = Other;
			sourceTree = "<group>";
		};
		434027FB1DF93D2600C2D733 /* Font */ = {
			isa = PBXGroup;
			children = (
				434027FD1DF93DA700C2D733 /* DINPro-Medium.TTF */,
				434027FE1DF93DA700C2D733 /* FZLTXIHJW--GB1-0.TTF */,
				434027FF1DF93DA700C2D733 /* FZLTZCHJW--GB1-0.TTF */,
			);
			name = Font;
			sourceTree = "<group>";
		};
		434027FC1DF93D3500C2D733 /* Lib */ = {
			isa = PBXGroup;
			children = (
				434028031DF93DBB00C2D733 /* YYFPSLabel */,
			);
			name = Lib;
			sourceTree = "<group>";
		};
		434028031DF93DBB00C2D733 /* YYFPSLabel */ = {
			isa = PBXGroup;
			children = (
				434028041DF93DD000C2D733 /* YYFPSLabel.h */,
				434028051DF93DD000C2D733 /* YYFPSLabel.m */,
			);
			name = YYFPSLabel;
			sourceTree = "<group>";
		};
		43480B611DF40EF300169DD7 /* Controllers */ = {
			isa = PBXGroup;
			children = (
				434027F51DF93A7200C2D733 /* BaseController */,
				43AA92621DF6E47C00102486 /* BoxOfficeController */,
				43AA92631DF6E4E900102486 /* CinecismController */,
				43AA92641DF6E52400102486 /* FilmController */,
				43480B681DF40FD600169DD7 /* MainController */,
				434027EB1DF935EE00C2D733 /* MenuController */,
				43AA925F1DF6DFBE00102486 /* SearchController */,
			);
			name = Controllers;
			sourceTree = "<group>";
		};
		43480B621DF40F0700169DD7 /* Constants */ = {
			isa = PBXGroup;
			children = (
				43AD2ECA1DF460B90073C26E /* Constant.swift */,
				43AD2ECC1DF460D90073C26E /* IMovieService.swift */,
			);
			name = Constants;
			sourceTree = "<group>";
		};
		43480B631DF40F1700169DD7 /* Extension */ = {
			isa = PBXGroup;
			children = (
				43AA926E1DF7100400102486 /* Reusable.swift */,
				43B3D6171DF862EF00789A9E /* UIImageView+iMovie.swift */,
				434027DB1DF9327000C2D733 /* ControllerResuable.swift */,
				434027E01DF9334200C2D733 /* UIFont+iMovie.swift */,
				434027E21DF9338900C2D733 /* UIView+Frame.swift */,
				433F06E81DFEDDD80055EF02 /* ShareResuable.swift */,
				433F06EC1DFEE0460055EF02 /* UIViewController+iM.swift */,
				43CBC2D01E014A560060515F /* String+iMovie.swift */,
				431E0CDC1E041BE300D0332D /* UILabel+iMovie.swift */,
			);
			name = Extension;
			sourceTree = "<group>";
		};
		43480B641DF40F2800169DD7 /* Models */ = {
			isa = PBXGroup;
			children = (
				43AA925D1DF659D700102486 /* MovieModel.swift */,
				434027F31DF9379800C2D733 /* MenuTabModel.swift */,
				433A854E1DFC3CDC00B33AFC /* CincismModel.swift */,
				431E0CDA1E03EA5600D0332D /* CommentModel.swift */,
				436D54621E062A3300EFBB40 /* ModulesModel.swift */,
			);
			name = Models;
			sourceTree = "<group>";
		};
		43480B651DF40F3B00169DD7 /* Resources */ = {
			isa = PBXGroup;
			children = (
				4392AFEA1E02DFD9007A9177 /* html */,
				4392AFE91E02DFC6007A9177 /* js */,
				4392AFE81E02DFB4007A9177 /* CSS */,
				4392AF6D1E0248CF007A9177 /* base.html */,
				433F06E01DFE856C0055EF02 /* iMovieAPI.txt */,
			);
			name = Resources;
			sourceTree = "<group>";
		};
		43480B661DF40F4600169DD7 /* Services */ = {
			isa = PBXGroup;
			children = (
				43AD2ED01DF469900073C26E /* IMovie.swift */,
			);
			name = Services;
			sourceTree = "<group>";
		};
		43480B671DF40F5100169DD7 /* Views */ = {
			isa = PBXGroup;
			children = (
				433A854B1DFC340900B33AFC /* Cinecism */,
				434027EE1DF9369B00C2D733 /* MenuView */,
				434027E61DF9348300C2D733 /* PullToRefresh */,
				434027DD1DF932C000C2D733 /* MainView */,
				43AA926B1DF6F54600102486 /* FilmController */,
				433F06E61DFEDCA40055EF02 /* BottomToolsBar.swift */,
				433F06E41DFED9890055EF02 /* HeaderBackView.swift */,
				436D54641E0693FF00EFBB40 /* RatingBar.swift */,
				433F06EA1DFEDEDD0055EF02 /* ShareView.swift */,
			);
			name = Views;
			sourceTree = "<group>";
		};
		43480B681DF40FD600169DD7 /* MainController */ = {
			isa = PBXGroup;
			children = (
				43480B691DF4101A00169DD7 /* MainViewController.swift */,
			);
			name = MainController;
			sourceTree = "<group>";
		};
		4392AFE81E02DFB4007A9177 /* CSS */ = {
			isa = PBXGroup;
			children = (
				4392B0261E02E05C007A9177 /* styles */,
				4392B0241E02E047007A9177 /* detail.css */,
			);
			name = CSS;
			sourceTree = "<group>";
		};
		4392AFE91E02DFC6007A9177 /* js */ = {
			isa = PBXGroup;
			children = (
				4392AFEC1E02E018007A9177 /* shAutoloader.js */,
				4392AFED1E02E018007A9177 /* shBrushAppleScript.js */,
				4392AFEE1E02E018007A9177 /* shBrushAS3.js */,
				4392AFEF1E02E018007A9177 /* shBrushBash.js */,
				4392AFF01E02E018007A9177 /* shBrushColdFusion.js */,
				4392AFF11E02E018007A9177 /* shBrushCpp.js */,
				4392AFF21E02E018007A9177 /* shBrushCSharp.js */,
				4392AFF31E02E018007A9177 /* shBrushCss.js */,
				4392AFF41E02E018007A9177 /* shBrushDelphi.js */,
				4392AFF51E02E018007A9177 /* shBrushDiff.js */,
				4392AFF61E02E018007A9177 /* shBrushErlang.js */,
				4392AFF71E02E018007A9177 /* shBrushGroovy.js */,
				4392AFF81E02E018007A9177 /* shBrushJava.js */,
				4392AFF91E02E018007A9177 /* shBrushJavaFX.js */,
				4392AFFA1E02E018007A9177 /* shBrushJScript.js */,
				4392AFFB1E02E018007A9177 /* shBrushPerl.js */,
				4392AFFC1E02E018007A9177 /* shBrushPhp.js */,
				4392AFFD1E02E018007A9177 /* shBrushPlain.js */,
				4392AFFE1E02E018007A9177 /* shBrushPowerShell.js */,
				4392AFFF1E02E018007A9177 /* shBrushPython.js */,
				4392B0001E02E018007A9177 /* shBrushRuby.js */,
				4392B0011E02E018007A9177 /* shBrushSass.js */,
				4392B0021E02E018007A9177 /* shBrushScala.js */,
				4392B0031E02E018007A9177 /* shBrushSql.js */,
				4392B0041E02E018007A9177 /* shBrushVb.js */,
				4392B0051E02E018007A9177 /* shBrushXml.js */,
				4392B0061E02E018007A9177 /* shCore.js */,
				4392B0071E02E018007A9177 /* shLegacy.js */,
			);
			name = js;
			sourceTree = "<group>";
		};
		4392B0261E02E05C007A9177 /* styles */ = {
			isa = PBXGroup;
			children = (
				4392B0271E02E090007A9177 /* shCore.css */,
				4392B0281E02E090007A9177 /* shCoreDefault.css */,
				4392B0291E02E090007A9177 /* shCoreDjango.css */,
				4392B02A1E02E090007A9177 /* shCoreEclipse.css */,
				4392B02B1E02E090007A9177 /* shCoreEmacs.css */,
				4392B02C1E02E090007A9177 /* shCoreFadeToGrey.css */,
				4392B02D1E02E090007A9177 /* shCoreMDUltra.css */,
				4392B02E1E02E090007A9177 /* shCoreMidnight.css */,
				4392B02F1E02E090007A9177 /* shCoreRDark.css */,
				4392B0301E02E090007A9177 /* shThemeDefault.css */,
				4392B0311E02E090007A9177 /* shThemeDjango.css */,
				4392B0321E02E090007A9177 /* shThemeEclipse.css */,
				4392B0331E02E090007A9177 /* shThemeEmacs.css */,
				4392B0341E02E090007A9177 /* shThemeFadeToGrey.css */,
				4392B0351E02E090007A9177 /* shThemeMDUltra.css */,
				4392B0361E02E090007A9177 /* shThemeMidnight.css */,
				4392B0371E02E090007A9177 /* shThemeRDark.css */,
			);
			name = styles;
			sourceTree = "<group>";
		};
		43AA925F1DF6DFBE00102486 /* SearchController */ = {
			isa = PBXGroup;
			children = (
				43AA92601DF6E00D00102486 /* SearchController.swift */,
			);
			name = SearchController;
			sourceTree = "<group>";
		};
		43AA92621DF6E47C00102486 /* BoxOfficeController */ = {
			isa = PBXGroup;
			children = (
				43AA92691DF6E5A700102486 /* BoxOfficeController.swift */,
			);
			name = BoxOfficeController;
			sourceTree = "<group>";
		};
		43AA92631DF6E4E900102486 /* CinecismController */ = {
			isa = PBXGroup;
			children = (
				43AA92671DF6E58500102486 /* CinecismController.swift */,
				433F06E21DFE96AE0055EF02 /* DetailCincismController.swift */,
			);
			name = CinecismController;
			sourceTree = "<group>";
		};
		43AA92641DF6E52400102486 /* FilmController */ = {
			isa = PBXGroup;
			children = (
				43AA92651DF6E56200102486 /* FilmController.swift */,
			);
			name = FilmController;
			sourceTree = "<group>";
		};
		43AA926B1DF6F54600102486 /* FilmController */ = {
			isa = PBXGroup;
			children = (
				43AA926C1DF70DAE00102486 /* MovieViewCell.swift */,
				434027D91DF8FB0C00C2D733 /* MovieInfoTableViewCell.swift */,
				433E1E351DFA505000D8E190 /* ImageCollectionCell.swift */,
				436D54661E06D90000EFBB40 /* RankListViewCell.swift */,
			);
			name = FilmController;
			sourceTree = "<group>";
		};
		846ED98D0272CB804D4BE2BB /* Frameworks */ = {
			isa = PBXGroup;
			children = (
				ADCE2CC35F35FE9B74E0F4FE /* Pods_iMovie.framework */,
			);
			name = Frameworks;
			sourceTree = "<group>";
		};
/* End PBXGroup section */

/* Begin PBXNativeTarget section */
		433864961DF3F8D7000F58E3 /* iMovie */ = {
			isa = PBXNativeTarget;
			buildConfigurationList = 433864BF1DF3F8D7000F58E3 /* Build configuration list for PBXNativeTarget "iMovie" */;
			buildPhases = (
				91E600999BC964F1CBAE8927 /* [CP] Check Pods Manifest.lock */,
				433864931DF3F8D7000F58E3 /* Sources */,
				433864941DF3F8D7000F58E3 /* Frameworks */,
				433864951DF3F8D7000F58E3 /* Resources */,
				D7301C91145A994807EFB4DF /* [CP] Embed Pods Frameworks */,
				84992B9B5040BC4511B0C4FE /* [CP] Copy Pods Resources */,
			);
			buildRules = (
			);
			dependencies = (
			);
			name = iMovie;
			productName = iMovie;
			productReference = 433864971DF3F8D7000F58E3 /* iMovie.app */;
			productType = "com.apple.product-type.application";
		};
		433864AA1DF3F8D7000F58E3 /* iMovieTests */ = {
			isa = PBXNativeTarget;
			buildConfigurationList = 433864C21DF3F8D7000F58E3 /* Build configuration list for PBXNativeTarget "iMovieTests" */;
			buildPhases = (
				433864A71DF3F8D7000F58E3 /* Sources */,
				433864A81DF3F8D7000F58E3 /* Frameworks */,
				433864A91DF3F8D7000F58E3 /* Resources */,
			);
			buildRules = (
			);
			dependencies = (
				433864AD1DF3F8D7000F58E3 /* PBXTargetDependency */,
			);
			name = iMovieTests;
			productName = iMovieTests;
			productReference = 433864AB1DF3F8D7000F58E3 /* iMovieTests.xctest */;
			productType = "com.apple.product-type.bundle.unit-test";
		};
		433864B51DF3F8D7000F58E3 /* iMovieUITests */ = {
			isa = PBXNativeTarget;
			buildConfigurationList = 433864C51DF3F8D7000F58E3 /* Build configuration list for PBXNativeTarget "iMovieUITests" */;
			buildPhases = (
				433864B21DF3F8D7000F58E3 /* Sources */,
				433864B31DF3F8D7000F58E3 /* Frameworks */,
				433864B41DF3F8D7000F58E3 /* Resources */,
			);
			buildRules = (
			);
			dependencies = (
				433864B81DF3F8D7000F58E3 /* PBXTargetDependency */,
			);
			name = iMovieUITests;
			productName = iMovieUITests;
			productReference = 433864B61DF3F8D7000F58E3 /* iMovieUITests.xctest */;
			productType = "com.apple.product-type.bundle.ui-testing";
		};
/* End PBXNativeTarget section */

/* Begin PBXProject section */
		4338648F1DF3F8D7000F58E3 /* Project object */ = {
			isa = PBXProject;
			attributes = {
				LastSwiftUpdateCheck = 0810;
				LastUpgradeCheck = 0810;
				ORGANIZATIONNAME = sys;
				TargetAttributes = {
					433864961DF3F8D7000F58E3 = {
						CreatedOnToolsVersion = 8.1;
						DevelopmentTeam = FT3RY85KVZ;
						ProvisioningStyle = Automatic;
					};
					433864AA1DF3F8D7000F58E3 = {
						CreatedOnToolsVersion = 8.1;
						DevelopmentTeam = FT3RY85KVZ;
						ProvisioningStyle = Automatic;
						TestTargetID = 433864961DF3F8D7000F58E3;
					};
					433864B51DF3F8D7000F58E3 = {
						CreatedOnToolsVersion = 8.1;
						DevelopmentTeam = FT3RY85KVZ;
						ProvisioningStyle = Automatic;
						TestTargetID = 433864961DF3F8D7000F58E3;
					};
				};
			};
			buildConfigurationList = 433864921DF3F8D7000F58E3 /* Build configuration list for PBXProject "iMovie" */;
			compatibilityVersion = "Xcode 3.2";
			developmentRegion = English;
			hasScannedForEncodings = 0;
			knownRegions = (
				en,
				Base,
			);
			mainGroup = 4338648E1DF3F8D7000F58E3;
			productRefGroup = 433864981DF3F8D7000F58E3 /* Products */;
			projectDirPath = "";
			projectRoot = "";
			targets = (
				433864961DF3F8D7000F58E3 /* iMovie */,
				433864AA1DF3F8D7000F58E3 /* iMovieTests */,
				433864B51DF3F8D7000F58E3 /* iMovieUITests */,
			);
		};
/* End PBXProject section */

/* Begin PBXResourcesBuildPhase section */
		433864951DF3F8D7000F58E3 /* Resources */ = {
			isa = PBXResourcesBuildPhase;
			buildActionMask = 2147483647;
			files = (
				4392B0381E02E090007A9177 /* shCore.css in Resources */,
				4392B0391E02E090007A9177 /* shCoreDefault.css in Resources */,
				4392B03A1E02E090007A9177 /* shCoreDjango.css in Resources */,
				4392B03B1E02E090007A9177 /* shCoreEclipse.css in Resources */,
				4392B03C1E02E090007A9177 /* shCoreEmacs.css in Resources */,
				4392B03D1E02E090007A9177 /* shCoreFadeToGrey.css in Resources */,
				4392B03E1E02E090007A9177 /* shCoreMDUltra.css in Resources */,
				4392B03F1E02E090007A9177 /* shCoreMidnight.css in Resources */,
				4392B0401E02E090007A9177 /* shCoreRDark.css in Resources */,
				4392B0411E02E090007A9177 /* shThemeDefault.css in Resources */,
				4392B0421E02E090007A9177 /* shThemeDjango.css in Resources */,
				4392B0431E02E090007A9177 /* shThemeEclipse.css in Resources */,
				4392B0441E02E090007A9177 /* shThemeEmacs.css in Resources */,
				4392B0451E02E090007A9177 /* shThemeFadeToGrey.css in Resources */,
				4392B0461E02E090007A9177 /* shThemeMDUltra.css in Resources */,
				4392B0471E02E090007A9177 /* shThemeMidnight.css in Resources */,
				4392B0481E02E090007A9177 /* shThemeRDark.css in Resources */,
				4392B0251E02E047007A9177 /* detail.css in Resources */,
				4392B0081E02E018007A9177 /* shAutoloader.js in Resources */,
				4392B0091E02E018007A9177 /* shBrushAppleScript.js in Resources */,
				4392B00A1E02E018007A9177 /* shBrushAS3.js in Resources */,
				4392B00B1E02E018007A9177 /* shBrushBash.js in Resources */,
				4392B00C1E02E018007A9177 /* shBrushColdFusion.js in Resources */,
				4392B00D1E02E018007A9177 /* shBrushCpp.js in Resources */,
				4392B00E1E02E018007A9177 /* shBrushCSharp.js in Resources */,
				4392B00F1E02E018007A9177 /* shBrushCss.js in Resources */,
				4392B0101E02E018007A9177 /* shBrushDelphi.js in Resources */,
				4392B0111E02E018007A9177 /* shBrushDiff.js in Resources */,
				4392B0121E02E018007A9177 /* shBrushErlang.js in Resources */,
				4392B0131E02E018007A9177 /* shBrushGroovy.js in Resources */,
				4392B0141E02E018007A9177 /* shBrushJava.js in Resources */,
				4392B0151E02E018007A9177 /* shBrushJavaFX.js in Resources */,
				4392B0161E02E018007A9177 /* shBrushJScript.js in Resources */,
				4392B0171E02E018007A9177 /* shBrushPerl.js in Resources */,
				4392B0181E02E018007A9177 /* shBrushPhp.js in Resources */,
				4392B0191E02E018007A9177 /* shBrushPlain.js in Resources */,
				4392B01A1E02E018007A9177 /* shBrushPowerShell.js in Resources */,
				4392B01B1E02E018007A9177 /* shBrushPython.js in Resources */,
				4392B01C1E02E018007A9177 /* shBrushRuby.js in Resources */,
				4392B01D1E02E018007A9177 /* shBrushSass.js in Resources */,
				4392B01E1E02E018007A9177 /* shBrushScala.js in Resources */,
				4392B01F1E02E018007A9177 /* shBrushSql.js in Resources */,
				4392B0201E02E018007A9177 /* shBrushVb.js in Resources */,
				4392B0211E02E018007A9177 /* shBrushXml.js in Resources */,
				4392B0221E02E018007A9177 /* shCore.js in Resources */,
				4392B0231E02E018007A9177 /* shLegacy.js in Resources */,
				433F06E11DFE856C0055EF02 /* iMovieAPI.txt in Resources */,
				4392AFEB1E02DFD9007A9177 /* html in Resources */,
				433864A51DF3F8D7000F58E3 /* LaunchScreen.storyboard in Resources */,
				4392AF711E0248CF007A9177 /* base.html in Resources */,
				433864A21DF3F8D7000F58E3 /* Assets.xcassets in Resources */,
				434028001DF93DA700C2D733 /* DINPro-Medium.TTF in Resources */,
				434028011DF93DA700C2D733 /* FZLTXIHJW--GB1-0.TTF in Resources */,
				434028021DF93DA700C2D733 /* FZLTZCHJW--GB1-0.TTF in Resources */,
			);
			runOnlyForDeploymentPostprocessing = 0;
		};
		433864A91DF3F8D7000F58E3 /* Resources */ = {
			isa = PBXResourcesBuildPhase;
			buildActionMask = 2147483647;
			files = (
			);
			runOnlyForDeploymentPostprocessing = 0;
		};
		433864B41DF3F8D7000F58E3 /* Resources */ = {
			isa = PBXResourcesBuildPhase;
			buildActionMask = 2147483647;
			files = (
			);
			runOnlyForDeploymentPostprocessing = 0;
		};
/* End PBXResourcesBuildPhase section */

/* Begin PBXShellScriptBuildPhase section */
		84992B9B5040BC4511B0C4FE /* [CP] Copy Pods Resources */ = {
			isa = PBXShellScriptBuildPhase;
			buildActionMask = 2147483647;
			files = (
			);
			inputPaths = (
			);
			name = "[CP] Copy Pods Resources";
			outputPaths = (
			);
			runOnlyForDeploymentPostprocessing = 0;
			shellPath = /bin/sh;
			shellScript = "\"${SRCROOT}/Pods/Target Support Files/Pods-iMovie/Pods-iMovie-resources.sh\"\n";
			showEnvVarsInLog = 0;
		};
		91E600999BC964F1CBAE8927 /* [CP] Check Pods Manifest.lock */ = {
			isa = PBXShellScriptBuildPhase;
			buildActionMask = 2147483647;
			files = (
			);
			inputPaths = (
			);
			name = "[CP] Check Pods Manifest.lock";
			outputPaths = (
			);
			runOnlyForDeploymentPostprocessing = 0;
			shellPath = /bin/sh;
			shellScript = "diff \"${PODS_ROOT}/../Podfile.lock\" \"${PODS_ROOT}/Manifest.lock\" > /dev/null\nif [[ $? != 0 ]] ; then\n    cat << EOM\nerror: The sandbox is not in sync with the Podfile.lock. Run 'pod install' or update your CocoaPods installation.\nEOM\n    exit 1\nfi\n";
			showEnvVarsInLog = 0;
		};
		D7301C91145A994807EFB4DF /* [CP] Embed Pods Frameworks */ = {
			isa = PBXShellScriptBuildPhase;
			buildActionMask = 2147483647;
			files = (
			);
			inputPaths = (
			);
			name = "[CP] Embed Pods Frameworks";
			outputPaths = (
			);
			runOnlyForDeploymentPostprocessing = 0;
			shellPath = /bin/sh;
			shellScript = "\"${SRCROOT}/Pods/Target Support Files/Pods-iMovie/Pods-iMovie-frameworks.sh\"\n";
			showEnvVarsInLog = 0;
		};
/* End PBXShellScriptBuildPhase section */

/* Begin PBXSourcesBuildPhase section */
		433864931DF3F8D7000F58E3 /* Sources */ = {
			isa = PBXSourcesBuildPhase;
			buildActionMask = 2147483647;
			files = (
				43AA926F1DF7100400102486 /* Reusable.swift in Sources */,
				431E0CD71E0397F800D0332D /* CincismHeaderView.swift in Sources */,
				43AD2ECD1DF460D90073C26E /* IMovieService.swift in Sources */,
				434027F21DF9371400C2D733 /* MenuTableViewCell.swift in Sources */,
				436D54651E0693FF00EFBB40 /* RatingBar.swift in Sources */,
				43AA926A1DF6E5A700102486 /* BoxOfficeController.swift in Sources */,
				433F06E71DFEDCA40055EF02 /* BottomToolsBar.swift in Sources */,
				433F06ED1DFEE0460055EF02 /* UIViewController+iM.swift in Sources */,
				433F06E51DFED9890055EF02 /* HeaderBackView.swift in Sources */,
				434027F91DF93AF500C2D733 /* BaseNavController.swift in Sources */,
				434027E81DF934A300C2D733 /* LoadMoreView.swift in Sources */,
				434027E51DF9343D00C2D733 /* PullToRefreshView.swift in Sources */,
				431E0CDD1E041BE300D0332D /* UILabel+iMovie.swift in Sources */,
				43AA925E1DF659D700102486 /* MovieModel.swift in Sources */,
				434027EA1DF934D900C2D733 /* ActivityIndicatorView.swift in Sources */,
				431E0CDB1E03EA5600D0332D /* CommentModel.swift in Sources */,
				43AA92681DF6E58500102486 /* CinecismController.swift in Sources */,
				4338649B1DF3F8D7000F58E3 /* AppDelegate.swift in Sources */,
				43AA92661DF6E56200102486 /* FilmController.swift in Sources */,
				434027E11DF9334200C2D733 /* UIFont+iMovie.swift in Sources */,
				434027DC1DF9327000C2D733 /* ControllerResuable.swift in Sources */,
				433E1E361DFA505000D8E190 /* ImageCollectionCell.swift in Sources */,
				434028061DF93DD000C2D733 /* YYFPSLabel.m in Sources */,
				434027DF1DF932EB00C2D733 /* MainHeaderView.swift in Sources */,
				43AA926D1DF70DAE00102486 /* MovieViewCell.swift in Sources */,
				434027DA1DF8FB0C00C2D733 /* MovieInfoTableViewCell.swift in Sources */,
				434027ED1DF9362F00C2D733 /* MenuViewController.swift in Sources */,
				433F06E91DFEDDD80055EF02 /* ShareResuable.swift in Sources */,
				433A854D1DFC345100B33AFC /* CinecismTableViewCell.swift in Sources */,
				433F06EB1DFEDEDD0055EF02 /* ShareView.swift in Sources */,
				431E0CD91E03EA0E00D0332D /* CommentTableViewCell.swift in Sources */,
				433F06E31DFE96AE0055EF02 /* DetailCincismController.swift in Sources */,
				434027F01DF936C300C2D733 /* MenuHeaaderView.swift in Sources */,
				433A854F1DFC3CDC00B33AFC /* CincismModel.swift in Sources */,
				43B3D6181DF862EF00789A9E /* UIImageView+iMovie.swift in Sources */,
				436D54631E062A3300EFBB40 /* ModulesModel.swift in Sources */,
				43AA92611DF6E00D00102486 /* SearchController.swift in Sources */,
				43CBC2D11E014A560060515F /* String+iMovie.swift in Sources */,
				434027E31DF9338900C2D733 /* UIView+Frame.swift in Sources */,
				43480B6A1DF4101A00169DD7 /* MainViewController.swift in Sources */,
				436D54671E06D90000EFBB40 /* RankListViewCell.swift in Sources */,
				43AD2ECB1DF460B90073C26E /* Constant.swift in Sources */,
				434027F71DF93AB800C2D733 /* BasePageController.swift in Sources */,
				43AD2ED11DF469900073C26E /* IMovie.swift in Sources */,
				434027F41DF9379800C2D733 /* MenuTabModel.swift in Sources */,
			);
			runOnlyForDeploymentPostprocessing = 0;
		};
		433864A71DF3F8D7000F58E3 /* Sources */ = {
			isa = PBXSourcesBuildPhase;
			buildActionMask = 2147483647;
			files = (
				433864B01DF3F8D7000F58E3 /* iMovieTests.swift in Sources */,
			);
			runOnlyForDeploymentPostprocessing = 0;
		};
		433864B21DF3F8D7000F58E3 /* Sources */ = {
			isa = PBXSourcesBuildPhase;
			buildActionMask = 2147483647;
			files = (
				433864BB1DF3F8D7000F58E3 /* iMovieUITests.swift in Sources */,
			);
			runOnlyForDeploymentPostprocessing = 0;
		};
/* End PBXSourcesBuildPhase section */

/* Begin PBXTargetDependency section */
		433864AD1DF3F8D7000F58E3 /* PBXTargetDependency */ = {
			isa = PBXTargetDependency;
			target = 433864961DF3F8D7000F58E3 /* iMovie */;
			targetProxy = 433864AC1DF3F8D7000F58E3 /* PBXContainerItemProxy */;
		};
		433864B81DF3F8D7000F58E3 /* PBXTargetDependency */ = {
			isa = PBXTargetDependency;
			target = 433864961DF3F8D7000F58E3 /* iMovie */;
			targetProxy = 433864B71DF3F8D7000F58E3 /* PBXContainerItemProxy */;
		};
/* End PBXTargetDependency section */

/* Begin PBXVariantGroup section */
		433864A31DF3F8D7000F58E3 /* LaunchScreen.storyboard */ = {
			isa = PBXVariantGroup;
			children = (
				433864A41DF3F8D7000F58E3 /* Base */,
			);
			name = LaunchScreen.storyboard;
			sourceTree = "<group>";
		};
/* End PBXVariantGroup section */

/* Begin XCBuildConfiguration section */
		433864BD1DF3F8D7000F58E3 /* Debug */ = {
			isa = XCBuildConfiguration;
			buildSettings = {
				ALWAYS_SEARCH_USER_PATHS = NO;
				CLANG_ANALYZER_NONNULL = YES;
				CLANG_CXX_LANGUAGE_STANDARD = "gnu++0x";
				CLANG_CXX_LIBRARY = "libc++";
				CLANG_ENABLE_MODULES = YES;
				CLANG_ENABLE_OBJC_ARC = YES;
				CLANG_WARN_BOOL_CONVERSION = YES;
				CLANG_WARN_CONSTANT_CONVERSION = YES;
				CLANG_WARN_DIRECT_OBJC_ISA_USAGE = YES_ERROR;
				CLANG_WARN_DOCUMENTATION_COMMENTS = YES;
				CLANG_WARN_EMPTY_BODY = YES;
				CLANG_WARN_ENUM_CONVERSION = YES;
				CLANG_WARN_INFINITE_RECURSION = YES;
				CLANG_WARN_INT_CONVERSION = YES;
				CLANG_WARN_OBJC_ROOT_CLASS = YES_ERROR;
				CLANG_WARN_SUSPICIOUS_MOVE = YES;
				CLANG_WARN_SUSPICIOUS_MOVES = YES;
				CLANG_WARN_UNREACHABLE_CODE = YES;
				CLANG_WARN__DUPLICATE_METHOD_MATCH = YES;
				"CODE_SIGN_IDENTITY[sdk=iphoneos*]" = "iPhone Developer";
				COPY_PHASE_STRIP = NO;
				DEBUG_INFORMATION_FORMAT = dwarf;
				ENABLE_STRICT_OBJC_MSGSEND = YES;
				ENABLE_TESTABILITY = YES;
				GCC_C_LANGUAGE_STANDARD = gnu99;
				GCC_DYNAMIC_NO_PIC = NO;
				GCC_NO_COMMON_BLOCKS = YES;
				GCC_OPTIMIZATION_LEVEL = 0;
				GCC_PREPROCESSOR_DEFINITIONS = (
					"DEBUG=1",
					"$(inherited)",
				);
				GCC_WARN_64_TO_32_BIT_CONVERSION = YES;
				GCC_WARN_ABOUT_RETURN_TYPE = YES_ERROR;
				GCC_WARN_UNDECLARED_SELECTOR = YES;
				GCC_WARN_UNINITIALIZED_AUTOS = YES_AGGRESSIVE;
				GCC_WARN_UNUSED_FUNCTION = YES;
				GCC_WARN_UNUSED_VARIABLE = YES;
				IPHONEOS_DEPLOYMENT_TARGET = 10.1;
				MTL_ENABLE_DEBUG_INFO = YES;
				ONLY_ACTIVE_ARCH = YES;
				SDKROOT = iphoneos;
				SWIFT_ACTIVE_COMPILATION_CONDITIONS = DEBUG;
				SWIFT_OPTIMIZATION_LEVEL = "-Onone";
				TARGETED_DEVICE_FAMILY = "1,2";
			};
			name = Debug;
		};
		433864BE1DF3F8D7000F58E3 /* Release */ = {
			isa = XCBuildConfiguration;
			buildSettings = {
				ALWAYS_SEARCH_USER_PATHS = NO;
				CLANG_ANALYZER_NONNULL = YES;
				CLANG_CXX_LANGUAGE_STANDARD = "gnu++0x";
				CLANG_CXX_LIBRARY = "libc++";
				CLANG_ENABLE_MODULES = YES;
				CLANG_ENABLE_OBJC_ARC = YES;
				CLANG_WARN_BOOL_CONVERSION = YES;
				CLANG_WARN_CONSTANT_CONVERSION = YES;
				CLANG_WARN_DIRECT_OBJC_ISA_USAGE = YES_ERROR;
				CLANG_WARN_DOCUMENTATION_COMMENTS = YES;
				CLANG_WARN_EMPTY_BODY = YES;
				CLANG_WARN_ENUM_CONVERSION = YES;
				CLANG_WARN_INFINITE_RECURSION = YES;
				CLANG_WARN_INT_CONVERSION = YES;
				CLANG_WARN_OBJC_ROOT_CLASS = YES_ERROR;
				CLANG_WARN_SUSPICIOUS_MOVE = YES;
				CLANG_WARN_SUSPICIOUS_MOVES = YES;
				CLANG_WARN_UNREACHABLE_CODE = YES;
				CLANG_WARN__DUPLICATE_METHOD_MATCH = YES;
				"CODE_SIGN_IDENTITY[sdk=iphoneos*]" = "iPhone Developer";
				COPY_PHASE_STRIP = NO;
				DEBUG_INFORMATION_FORMAT = "dwarf-with-dsym";
				ENABLE_NS_ASSERTIONS = NO;
				ENABLE_STRICT_OBJC_MSGSEND = YES;
				GCC_C_LANGUAGE_STANDARD = gnu99;
				GCC_NO_COMMON_BLOCKS = YES;
				GCC_WARN_64_TO_32_BIT_CONVERSION = YES;
				GCC_WARN_ABOUT_RETURN_TYPE = YES_ERROR;
				GCC_WARN_UNDECLARED_SELECTOR = YES;
				GCC_WARN_UNINITIALIZED_AUTOS = YES_AGGRESSIVE;
				GCC_WARN_UNUSED_FUNCTION = YES;
				GCC_WARN_UNUSED_VARIABLE = YES;
				IPHONEOS_DEPLOYMENT_TARGET = 10.1;
				MTL_ENABLE_DEBUG_INFO = NO;
				SDKROOT = iphoneos;
				SWIFT_OPTIMIZATION_LEVEL = "-Owholemodule";
				TARGETED_DEVICE_FAMILY = "1,2";
				VALIDATE_PRODUCT = YES;
			};
			name = Release;
		};
		433864C01DF3F8D7000F58E3 /* Debug */ = {
			isa = XCBuildConfiguration;
			baseConfigurationReference = 33245A8CD45427BE5AAA5CC9 /* Pods-iMovie.debug.xcconfig */;
			buildSettings = {
				ALWAYS_EMBED_SWIFT_STANDARD_LIBRARIES = YES;
				ASSETCATALOG_COMPILER_APPICON_NAME = AppIcon;
				DEVELOPMENT_TEAM = FT3RY85KVZ;
				INFOPLIST_FILE = iMovie/Info.plist;
				LD_RUNPATH_SEARCH_PATHS = "$(inherited) @executable_path/Frameworks";
				PRODUCT_BUNDLE_IDENTIFIER = com.iMovie;
				PRODUCT_NAME = "$(TARGET_NAME)";
				SWIFT_OBJC_BRIDGING_HEADER = "iMovie/iMovie-Bridging-Header.h";
				SWIFT_VERSION = 3.0;
			};
			name = Debug;
		};
		433864C11DF3F8D7000F58E3 /* Release */ = {
			isa = XCBuildConfiguration;
			baseConfigurationReference = 1C41A368BF90047E16353DD7 /* Pods-iMovie.release.xcconfig */;
			buildSettings = {
				ALWAYS_EMBED_SWIFT_STANDARD_LIBRARIES = YES;
				ASSETCATALOG_COMPILER_APPICON_NAME = AppIcon;
				DEVELOPMENT_TEAM = FT3RY85KVZ;
				INFOPLIST_FILE = iMovie/Info.plist;
				LD_RUNPATH_SEARCH_PATHS = "$(inherited) @executable_path/Frameworks";
				PRODUCT_BUNDLE_IDENTIFIER = com.iMovie;
				PRODUCT_NAME = "$(TARGET_NAME)";
				SWIFT_OBJC_BRIDGING_HEADER = "iMovie/iMovie-Bridging-Header.h";
				SWIFT_VERSION = 3.0;
			};
			name = Release;
		};
		433864C31DF3F8D7000F58E3 /* Debug */ = {
			isa = XCBuildConfiguration;
			buildSettings = {
				ALWAYS_EMBED_SWIFT_STANDARD_LIBRARIES = YES;
				BUNDLE_LOADER = "$(TEST_HOST)";
				DEVELOPMENT_TEAM = FT3RY85KVZ;
				INFOPLIST_FILE = iMovieTests/Info.plist;
				LD_RUNPATH_SEARCH_PATHS = "$(inherited) @executable_path/Frameworks @loader_path/Frameworks";
				PRODUCT_BUNDLE_IDENTIFIER = com.iMovieTests;
				PRODUCT_NAME = "$(TARGET_NAME)";
				SWIFT_VERSION = 3.0;
				TEST_HOST = "$(BUILT_PRODUCTS_DIR)/iMovie.app/iMovie";
			};
			name = Debug;
		};
		433864C41DF3F8D7000F58E3 /* Release */ = {
			isa = XCBuildConfiguration;
			buildSettings = {
				ALWAYS_EMBED_SWIFT_STANDARD_LIBRARIES = YES;
				BUNDLE_LOADER = "$(TEST_HOST)";
				DEVELOPMENT_TEAM = FT3RY85KVZ;
				INFOPLIST_FILE = iMovieTests/Info.plist;
				LD_RUNPATH_SEARCH_PATHS = "$(inherited) @executable_path/Frameworks @loader_path/Frameworks";
				PRODUCT_BUNDLE_IDENTIFIER = com.iMovieTests;
				PRODUCT_NAME = "$(TARGET_NAME)";
				SWIFT_VERSION = 3.0;
				TEST_HOST = "$(BUILT_PRODUCTS_DIR)/iMovie.app/iMovie";
			};
			name = Release;
		};
		433864C61DF3F8D7000F58E3 /* Debug */ = {
			isa = XCBuildConfiguration;
			buildSettings = {
				ALWAYS_EMBED_SWIFT_STANDARD_LIBRARIES = YES;
				DEVELOPMENT_TEAM = FT3RY85KVZ;
				INFOPLIST_FILE = iMovieUITests/Info.plist;
				LD_RUNPATH_SEARCH_PATHS = "$(inherited) @executable_path/Frameworks @loader_path/Frameworks";
				PRODUCT_BUNDLE_IDENTIFIER = com.iMovieUITests;
				PRODUCT_NAME = "$(TARGET_NAME)";
				SWIFT_VERSION = 3.0;
				TEST_TARGET_NAME = iMovie;
			};
			name = Debug;
		};
		433864C71DF3F8D7000F58E3 /* Release */ = {
			isa = XCBuildConfiguration;
			buildSettings = {
				ALWAYS_EMBED_SWIFT_STANDARD_LIBRARIES = YES;
				DEVELOPMENT_TEAM = FT3RY85KVZ;
				INFOPLIST_FILE = iMovieUITests/Info.plist;
				LD_RUNPATH_SEARCH_PATHS = "$(inherited) @executable_path/Frameworks @loader_path/Frameworks";
				PRODUCT_BUNDLE_IDENTIFIER = com.iMovieUITests;
				PRODUCT_NAME = "$(TARGET_NAME)";
				SWIFT_VERSION = 3.0;
				TEST_TARGET_NAME = iMovie;
			};
			name = Release;
		};
/* End XCBuildConfiguration section */

/* Begin XCConfigurationList section */
		433864921DF3F8D7000F58E3 /* Build configuration list for PBXProject "iMovie" */ = {
			isa = XCConfigurationList;
			buildConfigurations = (
				433864BD1DF3F8D7000F58E3 /* Debug */,
				433864BE1DF3F8D7000F58E3 /* Release */,
			);
			defaultConfigurationIsVisible = 0;
			defaultConfigurationName = Release;
		};
		433864BF1DF3F8D7000F58E3 /* Build configuration list for PBXNativeTarget "iMovie" */ = {
			isa = XCConfigurationList;
			buildConfigurations = (
				433864C01DF3F8D7000F58E3 /* Debug */,
				433864C11DF3F8D7000F58E3 /* Release */,
			);
			defaultConfigurationIsVisible = 0;
			defaultConfigurationName = Release;
		};
		433864C21DF3F8D7000F58E3 /* Build configuration list for PBXNativeTarget "iMovieTests" */ = {
			isa = XCConfigurationList;
			buildConfigurations = (
				433864C31DF3F8D7000F58E3 /* Debug */,
				433864C41DF3F8D7000F58E3 /* Release */,
			);
			defaultConfigurationIsVisible = 0;
			defaultConfigurationName = Release;
		};
		433864C51DF3F8D7000F58E3 /* Build configuration list for PBXNativeTarget "iMovieUITests" */ = {
			isa = XCConfigurationList;
			buildConfigurations = (
				433864C61DF3F8D7000F58E3 /* Debug */,
				433864C71DF3F8D7000F58E3 /* Release */,
			);
			defaultConfigurationIsVisible = 0;
			defaultConfigurationName = Release;
		};
/* End XCConfigurationList section */
	};
	rootObject = 4338648F1DF3F8D7000F58E3 /* Project object */;
}
